{
  "version": 4,
  "terraform_version": "1.0.6",
  "serial": 68,
  "lineage": "51354618-9dd2-4446-debe-b613424abaf3",
  "outputs": {},
  "resources": [
    {
      "mode": "data",
      "type": "azurerm_client_config",
      "name": "current",
      "provider": "provider[\"registry.terraform.io/hashicorp/azurerm\"]",
      "instances": [
        {
          "schema_version": 0,
          "attributes": {
            "client_id": "792dd24d-6773-4b00-88de-db79b8df1eb5",
            "id": "2021-09-06 01:15:30.529907 +0000 UTC",
            "object_id": "dacc7e02-f446-418a-80fd-d1d29330e429",
            "subscription_id": "ad0ee6c4-c118-4f5a-864f-6b60a460179b",
            "tenant_id": "05df3b34-5214-4023-ab99-69a7eafcbdef",
            "timeouts": null
          },
          "sensitive_attributes": []
        }
      ]
    },
    {
      "mode": "managed",
      "type": "azurerm_app_service",
      "name": "appsvc",
      "provider": "provider[\"registry.terraform.io/hashicorp/azurerm\"]",
      "instances": [
        {
          "schema_version": 0,
          "attributes": {
            "app_service_plan_id": "/subscriptions/ad0ee6c4-c118-4f5a-864f-6b60a460179b/resourceGroups/dev/providers/Microsoft.Web/serverfarms/app-service-plan-mmi",
            "app_settings": {},
            "auth_settings": [
              {
                "active_directory": [],
                "additional_login_params": {},
                "allowed_external_redirect_urls": [],
                "default_provider": "",
                "enabled": false,
                "facebook": [],
                "google": [],
                "issuer": "",
                "microsoft": [],
                "runtime_version": "",
                "token_refresh_extension_hours": 0,
                "token_store_enabled": false,
                "twitter": [],
                "unauthenticated_client_action": ""
              }
            ],
            "backup": [],
            "client_affinity_enabled": false,
            "client_cert_enabled": false,
            "connection_string": [],
            "custom_domain_verification_id": "243B87713926635DA9CEB3D47C11ED1BE7A53A52FBC3B083AE5E8CD0EC7E2CC8",
            "default_site_hostname": "app-service-python-mmi.azurewebsites.net",
            "enabled": true,
            "https_only": false,
            "id": "/subscriptions/ad0ee6c4-c118-4f5a-864f-6b60a460179b/resourceGroups/dev/providers/Microsoft.Web/sites/app-service-python-mmi",
            "identity": [],
            "location": "canadacentral",
            "logs": [
              {
                "application_logs": [
                  {
                    "azure_blob_storage": [],
                    "file_system_level": "Off"
                  }
                ],
                "detailed_error_messages_enabled": false,
                "failed_request_tracing_enabled": false,
                "http_logs": [
                  {
                    "azure_blob_storage": [],
                    "file_system": []
                  }
                ]
              }
            ],
            "name": "app-service-python-mmi",
            "outbound_ip_address_list": [
              "20.151.49.26",
              "20.151.49.27",
              "20.151.49.28",
              "20.151.49.29",
              "20.151.49.56",
              "20.151.49.57",
              "52.228.84.33"
            ],
            "outbound_ip_addresses": "20.151.49.26,20.151.49.27,20.151.49.28,20.151.49.29,20.151.49.56,20.151.49.57,52.228.84.33",
            "possible_outbound_ip_address_list": [
              "20.151.49.26",
              "20.151.49.27",
              "20.151.49.28",
              "20.151.49.29",
              "20.151.49.56",
              "20.151.49.57",
              "20.151.49.98",
              "20.151.49.99",
              "20.151.49.102",
              "20.151.49.103",
              "20.151.49.114",
              "20.151.49.115",
              "40.82.180.188",
              "40.82.180.205",
              "40.82.180.230",
              "40.82.180.232",
              "40.82.180.251",
              "40.82.181.1",
              "52.228.101.67",
              "52.228.102.120",
              "52.228.103.23",
              "52.228.103.56",
              "52.228.105.173",
              "52.228.107.108",
              "52.228.84.33"
            ],
            "possible_outbound_ip_addresses": "20.151.49.26,20.151.49.27,20.151.49.28,20.151.49.29,20.151.49.56,20.151.49.57,20.151.49.98,20.151.49.99,20.151.49.102,20.151.49.103,20.151.49.114,20.151.49.115,40.82.180.188,40.82.180.205,40.82.180.230,40.82.180.232,40.82.180.251,40.82.181.1,52.228.101.67,52.228.102.120,52.228.103.23,52.228.103.56,52.228.105.173,52.228.107.108,52.228.84.33",
            "resource_group_name": "dev",
            "site_config": [
              {
                "acr_use_managed_identity_credentials": false,
                "acr_user_managed_identity_client_id": "",
                "always_on": false,
                "app_command_line": "gunicorn --bind=0.0.0.0 --timeout 600 app:app",
                "auto_swap_slot_name": "",
                "cors": [
                  {
                    "allowed_origins": [],
                    "support_credentials": false
                  }
                ],
                "default_documents": null,
                "dotnet_framework_version": "v4.0",
                "ftps_state": "AllAllowed",
                "health_check_path": "",
                "http2_enabled": false,
                "ip_restriction": [],
                "java_container": "",
                "java_container_version": "",
                "java_version": "",
                "linux_fx_version": "",
                "local_mysql_enabled": false,
                "managed_pipeline_mode": "Integrated",
                "min_tls_version": "1.2",
                "number_of_workers": 1,
                "php_version": "",
                "python_version": "3.4",
                "remote_debugging_enabled": false,
                "remote_debugging_version": "VS2019",
                "scm_ip_restriction": [],
                "scm_type": "LocalGit",
                "scm_use_main_ip_restriction": false,
                "use_32_bit_worker_process": false,
                "vnet_route_all_enabled": false,
                "websockets_enabled": false,
                "windows_fx_version": ""
              }
            ],
            "site_credential": [
              {
                "password": "FQ89xnk07oEm8aCgilootMBoeaXtohwcx76YHntNm4HE4ZJZGBTNQDnglL9a",
                "username": "$app-service-python-mmi"
              }
            ],
            "source_control": [
              {
                "branch": "master",
                "manual_integration": false,
                "repo_url": "https://app-service-python-mmi.scm.azurewebsites.net",
                "rollback_enabled": false,
                "use_mercurial": false
              }
            ],
            "storage_account": [],
            "tags": null,
            "timeouts": null
          },
          "sensitive_attributes": [],
          "private": "eyJlMmJmYjczMC1lY2FhLTExZTYtOGY4OC0zNDM2M2JjN2M0YzAiOnsiY3JlYXRlIjoxODAwMDAwMDAwMDAwLCJkZWxldGUiOjE4MDAwMDAwMDAwMDAsInJlYWQiOjMwMDAwMDAwMDAwMCwidXBkYXRlIjoxODAwMDAwMDAwMDAwfX0=",
          "dependencies": [
            "azurerm_app_service_plan.svcplan",
            "azurerm_resource_group.dev"
          ]
        }
      ]
    },
    {
      "mode": "managed",
      "type": "azurerm_app_service_plan",
      "name": "svcplan",
      "provider": "provider[\"registry.terraform.io/hashicorp/azurerm\"]",
      "instances": [
        {
          "schema_version": 0,
          "attributes": {
            "app_service_environment_id": "",
            "id": "/subscriptions/ad0ee6c4-c118-4f5a-864f-6b60a460179b/resourceGroups/dev/providers/Microsoft.Web/serverfarms/app-service-plan-mmi",
            "is_xenon": false,
            "kind": "linux",
            "location": "canadacentral",
            "maximum_elastic_worker_count": 1,
            "maximum_number_of_workers": 10,
            "name": "app-service-plan-mmi",
            "per_site_scaling": false,
            "reserved": true,
            "resource_group_name": "dev",
            "sku": [
              {
                "capacity": 1,
                "size": "S1",
                "tier": "Standard"
              }
            ],
            "tags": null,
            "timeouts": null,
            "zone_redundant": false
          },
          "sensitive_attributes": [],
          "private": "eyJlMmJmYjczMC1lY2FhLTExZTYtOGY4OC0zNDM2M2JjN2M0YzAiOnsiY3JlYXRlIjozNjAwMDAwMDAwMDAwLCJkZWxldGUiOjM2MDAwMDAwMDAwMDAsInJlYWQiOjMwMDAwMDAwMDAwMCwidXBkYXRlIjozNjAwMDAwMDAwMDAwfX0=",
          "dependencies": [
            "azurerm_resource_group.dev"
          ]
        }
      ]
    },
    {
      "mode": "managed",
      "type": "azurerm_key_vault",
      "name": "kv-mmi-1",
      "provider": "provider[\"registry.terraform.io/hashicorp/azurerm\"]",
      "instances": [
        {
          "schema_version": 2,
          "attributes": {
            "access_policy": [
              {
                "application_id": "",
                "certificate_permissions": null,
                "key_permissions": [
                  "Get",
                  "Create"
                ],
                "object_id": "dacc7e02-f446-418a-80fd-d1d29330e429",
                "secret_permissions": [
                  "Set",
                  "Get",
                  "Delete",
                  "Purge",
                  "Recover"
                ],
                "storage_permissions": [
                  "Get"
                ],
                "tenant_id": "05df3b34-5214-4023-ab99-69a7eafcbdef"
              }
            ],
            "contact": [],
            "enable_rbac_authorization": false,
            "enabled_for_deployment": false,
            "enabled_for_disk_encryption": true,
            "enabled_for_template_deployment": false,
            "id": "/subscriptions/ad0ee6c4-c118-4f5a-864f-6b60a460179b/resourceGroups/dev/providers/Microsoft.KeyVault/vaults/kv-mmi-1",
            "location": "canadacentral",
            "name": "kv-mmi-1",
            "network_acls": [
              {
                "bypass": "AzureServices",
                "default_action": "Allow",
                "ip_rules": [],
                "virtual_network_subnet_ids": []
              }
            ],
            "purge_protection_enabled": false,
            "resource_group_name": "dev",
            "sku_name": "standard",
            "soft_delete_enabled": true,
            "soft_delete_retention_days": 7,
            "tags": null,
            "tenant_id": "05df3b34-5214-4023-ab99-69a7eafcbdef",
            "timeouts": null,
            "vault_uri": "https://kv-mmi-1.vault.azure.net/"
          },
          "sensitive_attributes": [],
          "private": "eyJlMmJmYjczMC1lY2FhLTExZTYtOGY4OC0zNDM2M2JjN2M0YzAiOnsiY3JlYXRlIjoxODAwMDAwMDAwMDAwLCJkZWxldGUiOjE4MDAwMDAwMDAwMDAsInJlYWQiOjMwMDAwMDAwMDAwMCwidXBkYXRlIjoxODAwMDAwMDAwMDAwfSwic2NoZW1hX3ZlcnNpb24iOiIyIn0=",
          "dependencies": [
            "azurerm_resource_group.dev",
            "data.azurerm_client_config.current"
          ]
        }
      ]
    },
    {
      "mode": "managed",
      "type": "azurerm_key_vault_secret",
      "name": "ARM_SUBSCRIPTION_ID",
      "provider": "provider[\"registry.terraform.io/hashicorp/azurerm\"]",
      "instances": [
        {
          "schema_version": 0,
          "attributes": {
            "content_type": "",
            "expiration_date": null,
            "id": "https://kv-mmi-1.vault.azure.net/secrets/ARM-SUBSCRIPTION-ID/386eacce60c14b4ca54378b46d40a3b3",
            "key_vault_id": "/subscriptions/ad0ee6c4-c118-4f5a-864f-6b60a460179b/resourceGroups/dev/providers/Microsoft.KeyVault/vaults/kv-mmi-1",
            "name": "ARM-SUBSCRIPTION-ID",
            "not_before_date": null,
            "tags": null,
            "timeouts": null,
            "value": "ad0ee6c4-c118-4f5a-864f-6b60a460179b",
            "version": "386eacce60c14b4ca54378b46d40a3b3",
            "versionless_id": "https://kv-mmi-1.vault.azure.net/secrets/ARM-SUBSCRIPTION-ID"
          },
          "sensitive_attributes": [],
          "private": "eyJlMmJmYjczMC1lY2FhLTExZTYtOGY4OC0zNDM2M2JjN2M0YzAiOnsiY3JlYXRlIjoxODAwMDAwMDAwMDAwLCJkZWxldGUiOjE4MDAwMDAwMDAwMDAsInJlYWQiOjMwMDAwMDAwMDAwMCwidXBkYXRlIjoxODAwMDAwMDAwMDAwfX0=",
          "dependencies": [
            "azurerm_key_vault.kv-mmi-1",
            "azurerm_resource_group.dev",
            "data.azurerm_client_config.current"
          ]
        }
      ]
    },
    {
      "mode": "managed",
      "type": "azurerm_resource_group",
      "name": "dev",
      "provider": "provider[\"registry.terraform.io/hashicorp/azurerm\"]",
      "instances": [
        {
          "schema_version": 0,
          "attributes": {
            "id": "/subscriptions/ad0ee6c4-c118-4f5a-864f-6b60a460179b/resourceGroups/dev",
            "location": "canadacentral",
            "name": "dev",
            "tags": null,
            "timeouts": null
          },
          "sensitive_attributes": [],
          "private": "eyJlMmJmYjczMC1lY2FhLTExZTYtOGY4OC0zNDM2M2JjN2M0YzAiOnsiY3JlYXRlIjo1NDAwMDAwMDAwMDAwLCJkZWxldGUiOjU0MDAwMDAwMDAwMDAsInJlYWQiOjMwMDAwMDAwMDAwMCwidXBkYXRlIjo1NDAwMDAwMDAwMDAwfX0="
        }
      ]
    }
  ]
}
